// !$*UTF8*$!
{
	archiveVersion = 1;
	classes = {
	};
	objectVersion = 51;
	objects = {

/* Begin PBXBuildFile section */
		8511DA3E25C3073A0017ED54 /* Pods_Meraki.framework in Frameworks */ = {isa = PBXBuildFile; fileRef = A60FECC2075EF8580A595D42 /* Pods_Meraki.framework */; };
		8511DA3F25C3073A0017ED54 /* Pods_Meraki.framework in Embed Frameworks */ = {isa = PBXBuildFile; fileRef = A60FECC2075EF8580A595D42 /* Pods_Meraki.framework */; settings = {ATTRIBUTES = (CodeSignOnCopy, RemoveHeadersOnCopy, ); }; };
		85137B8525C1B15E002F8650 /* AppDelegate.swift in Sources */ = {isa = PBXBuildFile; fileRef = 85137B8425C1B15E002F8650 /* AppDelegate.swift */; };
		85137B8725C1B15E002F8650 /* SceneDelegate.swift in Sources */ = {isa = PBXBuildFile; fileRef = 85137B8625C1B15E002F8650 /* SceneDelegate.swift */; };
		85137B8925C1B15E002F8650 /* HomeViewController.swift in Sources */ = {isa = PBXBuildFile; fileRef = 85137B8825C1B15E002F8650 /* HomeViewController.swift */; };
		85137B8C25C1B15E002F8650 /* Main.storyboard in Resources */ = {isa = PBXBuildFile; fileRef = 85137B8A25C1B15E002F8650 /* Main.storyboard */; };
		85137B8E25C1B15F002F8650 /* Assets.xcassets in Resources */ = {isa = PBXBuildFile; fileRef = 85137B8D25C1B15F002F8650 /* Assets.xcassets */; };
		85137B9125C1B15F002F8650 /* LaunchScreen.storyboard in Resources */ = {isa = PBXBuildFile; fileRef = 85137B8F25C1B15F002F8650 /* LaunchScreen.storyboard */; };
		85137B9E25C1B62E002F8650 /* ProfileViewController.swift in Sources */ = {isa = PBXBuildFile; fileRef = 85137B9D25C1B62E002F8650 /* ProfileViewController.swift */; };
		852B59B825C3400100B70621 /* MessageViewController.swift in Sources */ = {isa = PBXBuildFile; fileRef = 852B59B725C3400100B70621 /* MessageViewController.swift */; };
		852B59BA25C340F900B70621 /* TabBarViewController.swift in Sources */ = {isa = PBXBuildFile; fileRef = 852B59B925C340F900B70621 /* TabBarViewController.swift */; };
		852B59D925C3623A00B70621 /* GoogleService-Info.plist in Resources */ = {isa = PBXBuildFile; fileRef = 852B59D825C3623A00B70621 /* GoogleService-Info.plist */; };
		852B59DB25C3647200B70621 /* Starting.storyboard in Resources */ = {isa = PBXBuildFile; fileRef = 852B59DA25C3647200B70621 /* Starting.storyboard */; };
		852B59EF25C37D2700B70621 /* DatabaseManager.swift in Sources */ = {isa = PBXBuildFile; fileRef = 852B59EE25C37D2700B70621 /* DatabaseManager.swift */; };
		852B59F125C37D3000B70621 /* AuthManager.swift in Sources */ = {isa = PBXBuildFile; fileRef = 852B59F025C37D3000B70621 /* AuthManager.swift */; };
		852B59F325C37DCE00B70621 /* StorageManager.swift in Sources */ = {isa = PBXBuildFile; fileRef = 852B59F225C37DCE00B70621 /* StorageManager.swift */; };
		853A7B8025C2642800DF2143 /* Roboto-Medium.ttf in Resources */ = {isa = PBXBuildFile; fileRef = 853A7B7325C2642800DF2143 /* Roboto-Medium.ttf */; };
		853A7B8125C2642800DF2143 /* Roboto-Light.ttf in Resources */ = {isa = PBXBuildFile; fileRef = 853A7B7425C2642800DF2143 /* Roboto-Light.ttf */; };
		853A7B8225C2642800DF2143 /* Roboto-Regular.ttf in Resources */ = {isa = PBXBuildFile; fileRef = 853A7B7525C2642800DF2143 /* Roboto-Regular.ttf */; };
		853A7B8825C2642800DF2143 /* LICENSE.txt in Resources */ = {isa = PBXBuildFile; fileRef = 853A7B7B25C2642800DF2143 /* LICENSE.txt */; };
		853A7B8B25C2642800DF2143 /* Roboto-Thin.ttf in Resources */ = {isa = PBXBuildFile; fileRef = 853A7B7E25C2642800DF2143 /* Roboto-Thin.ttf */; };
		856889CA25C3911E009F88D5 /* Extensions.swift in Sources */ = {isa = PBXBuildFile; fileRef = 856889C925C3911E009F88D5 /* Extensions.swift */; };
		8588A9C525C1B6F1003CADDF /* DiscoverViewController.swift in Sources */ = {isa = PBXBuildFile; fileRef = 8588A9C425C1B6F1003CADDF /* DiscoverViewController.swift */; };
		8588A9CA25C1B70B003CADDF /* LoginViewController.swift in Sources */ = {isa = PBXBuildFile; fileRef = 8588A9C925C1B70B003CADDF /* LoginViewController.swift */; };
		8588A9CD25C1B715003CADDF /* RegisterViewController.swift in Sources */ = {isa = PBXBuildFile; fileRef = 8588A9CC25C1B715003CADDF /* RegisterViewController.swift */; };
		8588A9D025C1B742003CADDF /* OpportunityViewController.swift in Sources */ = {isa = PBXBuildFile; fileRef = 8588A9CF25C1B742003CADDF /* OpportunityViewController.swift */; };
/* End PBXBuildFile section */

/* Begin PBXCopyFilesBuildPhase section */
		8511DA4025C3073A0017ED54 /* Embed Frameworks */ = {
			isa = PBXCopyFilesBuildPhase;
			buildActionMask = 2147483647;
			dstPath = "";
			dstSubfolderSpec = 10;
			files = (
				8511DA3F25C3073A0017ED54 /* Pods_Meraki.framework in Embed Frameworks */,
			);
			name = "Embed Frameworks";
			runOnlyForDeploymentPostprocessing = 0;
		};
/* End PBXCopyFilesBuildPhase section */

/* Begin PBXFileReference section */
		85137B8125C1B15E002F8650 /* Meraki.app */ = {isa = PBXFileReference; explicitFileType = wrapper.application; includeInIndex = 0; path = Meraki.app; sourceTree = BUILT_PRODUCTS_DIR; };
		85137B8425C1B15E002F8650 /* AppDelegate.swift */ = {isa = PBXFileReference; lastKnownFileType = sourcecode.swift; path = AppDelegate.swift; sourceTree = "<group>"; };
		85137B8625C1B15E002F8650 /* SceneDelegate.swift */ = {isa = PBXFileReference; lastKnownFileType = sourcecode.swift; path = SceneDelegate.swift; sourceTree = "<group>"; };
		85137B8825C1B15E002F8650 /* HomeViewController.swift */ = {isa = PBXFileReference; lastKnownFileType = sourcecode.swift; path = HomeViewController.swift; sourceTree = "<group>"; };
		85137B8B25C1B15E002F8650 /* Base */ = {isa = PBXFileReference; lastKnownFileType = file.storyboard; name = Base; path = Base.lproj/Main.storyboard; sourceTree = "<group>"; };
		85137B8D25C1B15F002F8650 /* Assets.xcassets */ = {isa = PBXFileReference; lastKnownFileType = folder.assetcatalog; path = Assets.xcassets; sourceTree = "<group>"; };
		85137B9025C1B15F002F8650 /* Base */ = {isa = PBXFileReference; lastKnownFileType = file.storyboard; name = Base; path = Base.lproj/LaunchScreen.storyboard; sourceTree = "<group>"; };
		85137B9225C1B15F002F8650 /* Info.plist */ = {isa = PBXFileReference; lastKnownFileType = text.plist.xml; path = Info.plist; sourceTree = "<group>"; };
		85137B9D25C1B62E002F8650 /* ProfileViewController.swift */ = {isa = PBXFileReference; lastKnownFileType = sourcecode.swift; path = ProfileViewController.swift; sourceTree = "<group>"; };
		852B59B725C3400100B70621 /* MessageViewController.swift */ = {isa = PBXFileReference; lastKnownFileType = sourcecode.swift; path = MessageViewController.swift; sourceTree = "<group>"; };
		852B59B925C340F900B70621 /* TabBarViewController.swift */ = {isa = PBXFileReference; lastKnownFileType = sourcecode.swift; path = TabBarViewController.swift; sourceTree = "<group>"; };
		852B59D825C3623A00B70621 /* GoogleService-Info.plist */ = {isa = PBXFileReference; fileEncoding = 4; lastKnownFileType = text.plist.xml; path = "GoogleService-Info.plist"; sourceTree = "<group>"; };
		852B59DA25C3647200B70621 /* Starting.storyboard */ = {isa = PBXFileReference; lastKnownFileType = file.storyboard; path = Starting.storyboard; sourceTree = "<group>"; };
		852B59EE25C37D2700B70621 /* DatabaseManager.swift */ = {isa = PBXFileReference; lastKnownFileType = sourcecode.swift; path = DatabaseManager.swift; sourceTree = "<group>"; };
		852B59F025C37D3000B70621 /* AuthManager.swift */ = {isa = PBXFileReference; lastKnownFileType = sourcecode.swift; path = AuthManager.swift; sourceTree = "<group>"; };
		852B59F225C37DCE00B70621 /* StorageManager.swift */ = {isa = PBXFileReference; lastKnownFileType = sourcecode.swift; path = StorageManager.swift; sourceTree = "<group>"; };
		853A7B7325C2642800DF2143 /* Roboto-Medium.ttf */ = {isa = PBXFileReference; lastKnownFileType = file; path = "Roboto-Medium.ttf"; sourceTree = "<group>"; };
		853A7B7425C2642800DF2143 /* Roboto-Light.ttf */ = {isa = PBXFileReference; lastKnownFileType = file; path = "Roboto-Light.ttf"; sourceTree = "<group>"; };
		853A7B7525C2642800DF2143 /* Roboto-Regular.ttf */ = {isa = PBXFileReference; lastKnownFileType = file; path = "Roboto-Regular.ttf"; sourceTree = "<group>"; };
		853A7B7B25C2642800DF2143 /* LICENSE.txt */ = {isa = PBXFileReference; fileEncoding = 4; lastKnownFileType = text; path = LICENSE.txt; sourceTree = "<group>"; };
		853A7B7E25C2642800DF2143 /* Roboto-Thin.ttf */ = {isa = PBXFileReference; lastKnownFileType = file; path = "Roboto-Thin.ttf"; sourceTree = "<group>"; };
		856889C925C3911E009F88D5 /* Extensions.swift */ = {isa = PBXFileReference; lastKnownFileType = sourcecode.swift; path = Extensions.swift; sourceTree = "<group>"; };
		8588A9C425C1B6F1003CADDF /* DiscoverViewController.swift */ = {isa = PBXFileReference; lastKnownFileType = sourcecode.swift; path = DiscoverViewController.swift; sourceTree = "<group>"; };
		8588A9C925C1B70B003CADDF /* LoginViewController.swift */ = {isa = PBXFileReference; lastKnownFileType = sourcecode.swift; path = LoginViewController.swift; sourceTree = "<group>"; };
		8588A9CC25C1B715003CADDF /* RegisterViewController.swift */ = {isa = PBXFileReference; lastKnownFileType = sourcecode.swift; path = RegisterViewController.swift; sourceTree = "<group>"; };
		8588A9CF25C1B742003CADDF /* OpportunityViewController.swift */ = {isa = PBXFileReference; lastKnownFileType = sourcecode.swift; path = OpportunityViewController.swift; sourceTree = "<group>"; };
		87A47B901387257CD659DE9B /* Pods-Meraki.debug.xcconfig */ = {isa = PBXFileReference; includeInIndex = 1; lastKnownFileType = text.xcconfig; name = "Pods-Meraki.debug.xcconfig"; path = "Target Support Files/Pods-Meraki/Pods-Meraki.debug.xcconfig"; sourceTree = "<group>"; };
		A60FECC2075EF8580A595D42 /* Pods_Meraki.framework */ = {isa = PBXFileReference; explicitFileType = wrapper.framework; includeInIndex = 0; path = Pods_Meraki.framework; sourceTree = BUILT_PRODUCTS_DIR; };
		F61CEA9E6D07259397927894 /* Pods-Meraki.release.xcconfig */ = {isa = PBXFileReference; includeInIndex = 1; lastKnownFileType = text.xcconfig; name = "Pods-Meraki.release.xcconfig"; path = "Target Support Files/Pods-Meraki/Pods-Meraki.release.xcconfig"; sourceTree = "<group>"; };
/* End PBXFileReference section */

/* Begin PBXFrameworksBuildPhase section */
		85137B7E25C1B15E002F8650 /* Frameworks */ = {
			isa = PBXFrameworksBuildPhase;
			buildActionMask = 2147483647;
			files = (
				8511DA3E25C3073A0017ED54 /* Pods_Meraki.framework in Frameworks */,
			);
			runOnlyForDeploymentPostprocessing = 0;
		};
/* End PBXFrameworksBuildPhase section */

/* Begin PBXGroup section */
		48FA0AAE4E96EB5F87A37477 /* Pods */ = {
			isa = PBXGroup;
			children = (
				87A47B901387257CD659DE9B /* Pods-Meraki.debug.xcconfig */,
				F61CEA9E6D07259397927894 /* Pods-Meraki.release.xcconfig */,
			);
			path = Pods;
			sourceTree = "<group>";
		};
		85137B7825C1B15E002F8650 = {
			isa = PBXGroup;
			children = (
				85137B8325C1B15E002F8650 /* Meraki */,
				85137B8225C1B15E002F8650 /* Products */,
				48FA0AAE4E96EB5F87A37477 /* Pods */,
				D08D012B343676C7D826FB29 /* Frameworks */,
			);
			sourceTree = "<group>";
		};
		85137B8225C1B15E002F8650 /* Products */ = {
			isa = PBXGroup;
			children = (
				85137B8125C1B15E002F8650 /* Meraki.app */,
			);
			name = Products;
			sourceTree = "<group>";
		};
		85137B8325C1B15E002F8650 /* Meraki */ = {
			isa = PBXGroup;
			children = (
				85137B9225C1B15F002F8650 /* Info.plist */,
				852B59D825C3623A00B70621 /* GoogleService-Info.plist */,
				85137B9925C1B551002F8650 /* Resources */,
				85137B9C25C1B582002F8650 /* Storyboards */,
				853A7B7225C2642800DF2143 /* Roboto */,
				85137B9A25C1B557002F8650 /* View Controllers */,
			);
			path = Meraki;
			sourceTree = "<group>";
		};
		85137B9925C1B551002F8650 /* Resources */ = {
			isa = PBXGroup;
			children = (
				85137B8425C1B15E002F8650 /* AppDelegate.swift */,
				85137B8625C1B15E002F8650 /* SceneDelegate.swift */,
				852B59EE25C37D2700B70621 /* DatabaseManager.swift */,
				852B59F225C37DCE00B70621 /* StorageManager.swift */,
				852B59F025C37D3000B70621 /* AuthManager.swift */,
				856889C925C3911E009F88D5 /* Extensions.swift */,
			);
			path = Resources;
			sourceTree = "<group>";
		};
		85137B9A25C1B557002F8650 /* View Controllers */ = {
			isa = PBXGroup;
			children = (
				85137B8D25C1B15F002F8650 /* Assets.xcassets */,
				8588A9C925C1B70B003CADDF /* LoginViewController.swift */,
				8588A9CC25C1B715003CADDF /* RegisterViewController.swift */,
				8588A9D225C1B75D003CADDF /* Starting */,
				852B59B625C31FBC00B70621 /* Main 5 */,
			);
			path = "View Controllers";
			sourceTree = "<group>";
		};
		85137B9C25C1B582002F8650 /* Storyboards */ = {
			isa = PBXGroup;
			children = (
				85137B8F25C1B15F002F8650 /* LaunchScreen.storyboard */,
				85137B8A25C1B15E002F8650 /* Main.storyboard */,
				852B59DA25C3647200B70621 /* Starting.storyboard */,
			);
			path = Storyboards;
			sourceTree = "<group>";
		};
		852B59B625C31FBC00B70621 /* Main 5 */ = {
			isa = PBXGroup;
			children = (
				852B59B925C340F900B70621 /* TabBarViewController.swift */,
				85137B8825C1B15E002F8650 /* HomeViewController.swift */,
				8588A9CF25C1B742003CADDF /* OpportunityViewController.swift */,
				8588A9C425C1B6F1003CADDF /* DiscoverViewController.swift */,
				85137B9D25C1B62E002F8650 /* ProfileViewController.swift */,
				852B59B725C3400100B70621 /* MessageViewController.swift */,
			);
			path = "Main 5";
			sourceTree = "<group>";
		};
		853A7B7225C2642800DF2143 /* Roboto */ = {
			isa = PBXGroup;
			children = (
				853A7B7325C2642800DF2143 /* Roboto-Medium.ttf */,
				853A7B7425C2642800DF2143 /* Roboto-Light.ttf */,
				853A7B7525C2642800DF2143 /* Roboto-Regular.ttf */,
				853A7B7E25C2642800DF2143 /* Roboto-Thin.ttf */,
				853A7B7B25C2642800DF2143 /* LICENSE.txt */,
			);
			path = Roboto;
			sourceTree = "<group>";
		};
		8588A9D225C1B75D003CADDF /* Starting */ = {
			isa = PBXGroup;
			children = (
			);
			path = Starting;
			sourceTree = "<group>";
		};
		D08D012B343676C7D826FB29 /* Frameworks */ = {
			isa = PBXGroup;
			children = (
				A60FECC2075EF8580A595D42 /* Pods_Meraki.framework */,
			);
			name = Frameworks;
			sourceTree = "<group>";
		};
/* End PBXGroup section */

/* Begin PBXNativeTarget section */
		85137B8025C1B15E002F8650 /* Meraki */ = {
			isa = PBXNativeTarget;
			buildConfigurationList = 85137B9525C1B15F002F8650 /* Build configuration list for PBXNativeTarget "Meraki" */;
			buildPhases = (
				C7D521735E931134F7283421 /* [CP] Check Pods Manifest.lock */,
				85137B7D25C1B15E002F8650 /* Sources */,
				85137B7E25C1B15E002F8650 /* Frameworks */,
				85137B7F25C1B15E002F8650 /* Resources */,
				0C2196763053AD6D129646C3 /* [CP] Embed Pods Frameworks */,
				B82E41A67C01A270BB77478B /* [CP] Copy Pods Resources */,
				8511DA4025C3073A0017ED54 /* Embed Frameworks */,
			);
			buildRules = (
			);
			dependencies = (
			);
			name = Meraki;
			productName = Meraki;
			productReference = 85137B8125C1B15E002F8650 /* Meraki.app */;
			productType = "com.apple.product-type.application";
		};
/* End PBXNativeTarget section */

/* Begin PBXProject section */
		85137B7925C1B15E002F8650 /* Project object */ = {
			isa = PBXProject;
			attributes = {
				LastSwiftUpdateCheck = 1230;
				LastUpgradeCheck = 1230;
				TargetAttributes = {
					85137B8025C1B15E002F8650 = {
						CreatedOnToolsVersion = 12.3;
					};
				};
			};
			buildConfigurationList = 85137B7C25C1B15E002F8650 /* Build configuration list for PBXProject "Meraki" */;
			compatibilityVersion = "Xcode 9.3";
			developmentRegion = en;
			hasScannedForEncodings = 0;
			knownRegions = (
				en,
				Base,
			);
			mainGroup = 85137B7825C1B15E002F8650;
			productRefGroup = 85137B8225C1B15E002F8650 /* Products */;
			projectDirPath = "";
			projectRoot = "";
			targets = (
				85137B8025C1B15E002F8650 /* Meraki */,
			);
		};
/* End PBXProject section */

/* Begin PBXResourcesBuildPhase section */
		85137B7F25C1B15E002F8650 /* Resources */ = {
			isa = PBXResourcesBuildPhase;
			buildActionMask = 2147483647;
			files = (
				853A7B8B25C2642800DF2143 /* Roboto-Thin.ttf in Resources */,
				853A7B8025C2642800DF2143 /* Roboto-Medium.ttf in Resources */,
				852B59DB25C3647200B70621 /* Starting.storyboard in Resources */,
				852B59D925C3623A00B70621 /* GoogleService-Info.plist in Resources */,
				853A7B8225C2642800DF2143 /* Roboto-Regular.ttf in Resources */,
				853A7B8825C2642800DF2143 /* LICENSE.txt in Resources */,
				853A7B8125C2642800DF2143 /* Roboto-Light.ttf in Resources */,
				85137B9125C1B15F002F8650 /* LaunchScreen.storyboard in Resources */,
				85137B8E25C1B15F002F8650 /* Assets.xcassets in Resources */,
				85137B8C25C1B15E002F8650 /* Main.storyboard in Resources */,
			);
			runOnlyForDeploymentPostprocessing = 0;
		};
/* End PBXResourcesBuildPhase section */

/* Begin PBXShellScriptBuildPhase section */
		0C2196763053AD6D129646C3 /* [CP] Embed Pods Frameworks */ = {
			isa = PBXShellScriptBuildPhase;
			buildActionMask = 2147483647;
			files = (
			);
			inputFileListPaths = (
				"${PODS_ROOT}/Target Support Files/Pods-Meraki/Pods-Meraki-frameworks-${CONFIGURATION}-input-files.xcfilelist",
			);
			name = "[CP] Embed Pods Frameworks";
			outputFileListPaths = (
				"${PODS_ROOT}/Target Support Files/Pods-Meraki/Pods-Meraki-frameworks-${CONFIGURATION}-output-files.xcfilelist",
			);
			runOnlyForDeploymentPostprocessing = 0;
			shellPath = /bin/sh;
			shellScript = "\"${PODS_ROOT}/Target Support Files/Pods-Meraki/Pods-Meraki-frameworks.sh\"\n";
			showEnvVarsInLog = 0;
		};
		B82E41A67C01A270BB77478B /* [CP] Copy Pods Resources */ = {
			isa = PBXShellScriptBuildPhase;
			buildActionMask = 2147483647;
			files = (
			);
			inputFileListPaths = (
				"${PODS_ROOT}/Target Support Files/Pods-Meraki/Pods-Meraki-resources-${CONFIGURATION}-input-files.xcfilelist",
			);
			name = "[CP] Copy Pods Resources";
			outputFileListPaths = (
				"${PODS_ROOT}/Target Support Files/Pods-Meraki/Pods-Meraki-resources-${CONFIGURATION}-output-files.xcfilelist",
			);
			runOnlyForDeploymentPostprocessing = 0;
			shellPath = /bin/sh;
			shellScript = "\"${PODS_ROOT}/Target Support Files/Pods-Meraki/Pods-Meraki-resources.sh\"\n";
			showEnvVarsInLog = 0;
		};
		C7D521735E931134F7283421 /* [CP] Check Pods Manifest.lock */ = {
			isa = PBXShellScriptBuildPhase;
			buildActionMask = 2147483647;
			files = (
			);
			inputFileListPaths = (
			);
			inputPaths = (
				"${PODS_PODFILE_DIR_PATH}/Podfile.lock",
				"${PODS_ROOT}/Manifest.lock",
			);
			name = "[CP] Check Pods Manifest.lock";
			outputFileListPaths = (
			);
			outputPaths = (
				"$(DERIVED_FILE_DIR)/Pods-Meraki-checkManifestLockResult.txt",
			);
			runOnlyForDeploymentPostprocessing = 0;
			shellPath = /bin/sh;
			shellScript = "diff \"${PODS_PODFILE_DIR_PATH}/Podfile.lock\" \"${PODS_ROOT}/Manifest.lock\" > /dev/null\nif [ $? != 0 ] ; then\n    # print error to STDERR\n    echo \"error: The sandbox is not in sync with the Podfile.lock. Run 'pod install' or update your CocoaPods installation.\" >&2\n    exit 1\nfi\n# This output is used by Xcode 'outputs' to avoid re-running this script phase.\necho \"SUCCESS\" > \"${SCRIPT_OUTPUT_FILE_0}\"\n";
			showEnvVarsInLog = 0;
		};
/* End PBXShellScriptBuildPhase section */

/* Begin PBXSourcesBuildPhase section */
		85137B7D25C1B15E002F8650 /* Sources */ = {
			isa = PBXSourcesBuildPhase;
			buildActionMask = 2147483647;
			files = (
				8588A9CA25C1B70B003CADDF /* LoginViewController.swift in Sources */,
				852B59F125C37D3000B70621 /* AuthManager.swift in Sources */,
				852B59EF25C37D2700B70621 /* DatabaseManager.swift in Sources */,
				85137B8925C1B15E002F8650 /* HomeViewController.swift in Sources */,
				8588A9CD25C1B715003CADDF /* RegisterViewController.swift in Sources */,
				852B59BA25C340F900B70621 /* TabBarViewController.swift in Sources */,
				85137B8525C1B15E002F8650 /* AppDelegate.swift in Sources */,
				85137B9E25C1B62E002F8650 /* ProfileViewController.swift in Sources */,
				852B59B825C3400100B70621 /* MessageViewController.swift in Sources */,
				85137B8725C1B15E002F8650 /* SceneDelegate.swift in Sources */,
				8588A9D025C1B742003CADDF /* OpportunityViewController.swift in Sources */,
				8588A9C525C1B6F1003CADDF /* DiscoverViewController.swift in Sources */,
				852B59F325C37DCE00B70621 /* StorageManager.swift in Sources */,
				856889CA25C3911E009F88D5 /* Extensions.swift in Sources */,
			);
			runOnlyForDeploymentPostprocessing = 0;
		};
/* End PBXSourcesBuildPhase section */

/* Begin PBXVariantGroup section */
		85137B8A25C1B15E002F8650 /* Main.storyboard */ = {
			isa = PBXVariantGroup;
			children = (
				85137B8B25C1B15E002F8650 /* Base */,
			);
			name = Main.storyboard;
			sourceTree = "<group>";
		};
		85137B8F25C1B15F002F8650 /* LaunchScreen.storyboard */ = {
			isa = PBXVariantGroup;
			children = (
				85137B9025C1B15F002F8650 /* Base */,
			);
			name = LaunchScreen.storyboard;
			sourceTree = "<group>";
		};
/* End PBXVariantGroup section */

/* Begin XCBuildConfiguration section */
		85137B9325C1B15F002F8650 /* Debug */ = {
			isa = XCBuildConfiguration;
			buildSettings = {
				ALWAYS_SEARCH_USER_PATHS = NO;
				CLANG_ANALYZER_NONNULL = YES;
				CLANG_ANALYZER_NUMBER_OBJECT_CONVERSION = YES_AGGRESSIVE;
				CLANG_CXX_LANGUAGE_STANDARD = "gnu++14";
				CLANG_CXX_LIBRARY = "libc++";
				CLANG_ENABLE_MODULES = YES;
				CLANG_ENABLE_OBJC_ARC = YES;
				CLANG_ENABLE_OBJC_WEAK = YES;
				CLANG_WARN_BLOCK_CAPTURE_AUTORELEASING = YES;
				CLANG_WARN_BOOL_CONVERSION = YES;
				CLANG_WARN_COMMA = YES;
				CLANG_WARN_CONSTANT_CONVERSION = YES;
				CLANG_WARN_DEPRECATED_OBJC_IMPLEMENTATIONS = YES;
				CLANG_WARN_DIRECT_OBJC_ISA_USAGE = YES_ERROR;
				CLANG_WARN_DOCUMENTATION_COMMENTS = YES;
				CLANG_WARN_EMPTY_BODY = YES;
				CLANG_WARN_ENUM_CONVERSION = YES;
				CLANG_WARN_INFINITE_RECURSION = YES;
				CLANG_WARN_INT_CONVERSION = YES;
				CLANG_WARN_NON_LITERAL_NULL_CONVERSION = YES;
				CLANG_WARN_OBJC_IMPLICIT_RETAIN_SELF = YES;
				CLANG_WARN_OBJC_LITERAL_CONVERSION = YES;
				CLANG_WARN_OBJC_ROOT_CLASS = YES_ERROR;
				CLANG_WARN_QUOTED_INCLUDE_IN_FRAMEWORK_HEADER = YES;
				CLANG_WARN_RANGE_LOOP_ANALYSIS = YES;
				CLANG_WARN_STRICT_PROTOTYPES = YES;
				CLANG_WARN_SUSPICIOUS_MOVE = YES;
				CLANG_WARN_UNGUARDED_AVAILABILITY = YES_AGGRESSIVE;
				CLANG_WARN_UNREACHABLE_CODE = YES;
				CLANG_WARN__DUPLICATE_METHOD_MATCH = YES;
				COPY_PHASE_STRIP = NO;
				DEBUG_INFORMATION_FORMAT = dwarf;
				ENABLE_STRICT_OBJC_MSGSEND = YES;
				ENABLE_TESTABILITY = YES;
				"EXCLUDED_ARCHS[sdk=iphonesimulator*]" = arm64;
				GCC_C_LANGUAGE_STANDARD = gnu11;
				GCC_DYNAMIC_NO_PIC = NO;
				GCC_NO_COMMON_BLOCKS = YES;
				GCC_OPTIMIZATION_LEVEL = 0;
				GCC_PREPROCESSOR_DEFINITIONS = (
					"DEBUG=1",
					"$(inherited)",
				);
				GCC_WARN_64_TO_32_BIT_CONVERSION = YES;
				GCC_WARN_ABOUT_RETURN_TYPE = YES_ERROR;
				GCC_WARN_UNDECLARED_SELECTOR = YES;
				GCC_WARN_UNINITIALIZED_AUTOS = YES_AGGRESSIVE;
				GCC_WARN_UNUSED_FUNCTION = YES;
				GCC_WARN_UNUSED_VARIABLE = YES;
				IPHONEOS_DEPLOYMENT_TARGET = 14.3;
				MTL_ENABLE_DEBUG_INFO = INCLUDE_SOURCE;
				MTL_FAST_MATH = YES;
				ONLY_ACTIVE_ARCH = YES;
				SDKROOT = iphoneos;
				SWIFT_ACTIVE_COMPILATION_CONDITIONS = DEBUG;
				SWIFT_OPTIMIZATION_LEVEL = "-Onone";
			};
			name = Debug;
		};
		85137B9425C1B15F002F8650 /* Release */ = {
			isa = XCBuildConfiguration;
			buildSettings = {
				ALWAYS_SEARCH_USER_PATHS = NO;
				CLANG_ANALYZER_NONNULL = YES;
				CLANG_ANALYZER_NUMBER_OBJECT_CONVERSION = YES_AGGRESSIVE;
				CLANG_CXX_LANGUAGE_STANDARD = "gnu++14";
				CLANG_CXX_LIBRARY = "libc++";
				CLANG_ENABLE_MODULES = YES;
				CLANG_ENABLE_OBJC_ARC = YES;
				CLANG_ENABLE_OBJC_WEAK = YES;
				CLANG_WARN_BLOCK_CAPTURE_AUTORELEASING = YES;
				CLANG_WARN_BOOL_CONVERSION = YES;
				CLANG_WARN_COMMA = YES;
				CLANG_WARN_CONSTANT_CONVERSION = YES;
				CLANG_WARN_DEPRECATED_OBJC_IMPLEMENTATIONS = YES;
				CLANG_WARN_DIRECT_OBJC_ISA_USAGE = YES_ERROR;
				CLANG_WARN_DOCUMENTATION_COMMENTS = YES;
				CLANG_WARN_EMPTY_BODY = YES;
				CLANG_WARN_ENUM_CONVERSION = YES;
				CLANG_WARN_INFINITE_RECURSION = YES;
				CLANG_WARN_INT_CONVERSION = YES;
				CLANG_WARN_NON_LITERAL_NULL_CONVERSION = YES;
				CLANG_WARN_OBJC_IMPLICIT_RETAIN_SELF = YES;
				CLANG_WARN_OBJC_LITERAL_CONVERSION = YES;
				CLANG_WARN_OBJC_ROOT_CLASS = YES_ERROR;
				CLANG_WARN_QUOTED_INCLUDE_IN_FRAMEWORK_HEADER = YES;
				CLANG_WARN_RANGE_LOOP_ANALYSIS = YES;
				CLANG_WARN_STRICT_PROTOTYPES = YES;
				CLANG_WARN_SUSPICIOUS_MOVE = YES;
				CLANG_WARN_UNGUARDED_AVAILABILITY = YES_AGGRESSIVE;
				CLANG_WARN_UNREACHABLE_CODE = YES;
				CLANG_WARN__DUPLICATE_METHOD_MATCH = YES;
				COPY_PHASE_STRIP = NO;
				DEBUG_INFORMATION_FORMAT = "dwarf-with-dsym";
				ENABLE_NS_ASSERTIONS = NO;
				ENABLE_STRICT_OBJC_MSGSEND = YES;
				"EXCLUDED_ARCHS[sdk=iphonesimulator*]" = arm64;
				GCC_C_LANGUAGE_STANDARD = gnu11;
				GCC_NO_COMMON_BLOCKS = YES;
				GCC_WARN_64_TO_32_BIT_CONVERSION = YES;
				GCC_WARN_ABOUT_RETURN_TYPE = YES_ERROR;
				GCC_WARN_UNDECLARED_SELECTOR = YES;
				GCC_WARN_UNINITIALIZED_AUTOS = YES_AGGRESSIVE;
				GCC_WARN_UNUSED_FUNCTION = YES;
				GCC_WARN_UNUSED_VARIABLE = YES;
				IPHONEOS_DEPLOYMENT_TARGET = 14.3;
				MTL_ENABLE_DEBUG_INFO = NO;
				MTL_FAST_MATH = YES;
				ONLY_ACTIVE_ARCH = YES;
				SDKROOT = iphoneos;
				SWIFT_COMPILATION_MODE = wholemodule;
				SWIFT_OPTIMIZATION_LEVEL = "-O";
				VALIDATE_PRODUCT = YES;
			};
			name = Release;
		};
		85137B9625C1B15F002F8650 /* Debug */ = {
			isa = XCBuildConfiguration;
			baseConfigurationReference = 87A47B901387257CD659DE9B /* Pods-Meraki.debug.xcconfig */;
			buildSettings = {
				ASSETCATALOG_COMPILER_APPICON_NAME = AppIcon;
				ASSETCATALOG_COMPILER_GLOBAL_ACCENT_COLOR_NAME = AccentColor;
				CODE_SIGN_STYLE = Automatic;
				DEVELOPMENT_TEAM = T675PC557V;
				"EXCLUDED_ARCHS[sdk=iphonesimulator*]" = arm64;
				INFOPLIST_FILE = "$(SRCROOT)/Meraki/Info.plist";
				IPHONEOS_DEPLOYMENT_TARGET = 13.0;
				LD_RUNPATH_SEARCH_PATHS = (
					"$(inherited)",
					"@executable_path/Frameworks",
				);
				PRODUCT_BUNDLE_IDENTIFIER = "clara-jeon.Meraki";
				PRODUCT_NAME = "$(TARGET_NAME)";
				SWIFT_VERSION = 5.0;
				TARGETED_DEVICE_FAMILY = "1,2";
			};
			name = Debug;
		};
		85137B9725C1B15F002F8650 /* Release */ = {
			isa = XCBuildConfiguration;
			baseConfigurationReference = F61CEA9E6D07259397927894 /* Pods-Meraki.release.xcconfig */;
			buildSettings = {
				ASSETCATALOG_COMPILER_APPICON_NAME = AppIcon;
				ASSETCATALOG_COMPILER_GLOBAL_ACCENT_COLOR_NAME = AccentColor;
				CODE_SIGN_STYLE = Automatic;
				DEVELOPMENT_TEAM = T675PC557V;
				"EXCLUDED_ARCHS[sdk=iphonesimulator*]" = arm64;
				INFOPLIST_FILE = "$(SRCROOT)/Meraki/Info.plist";
				IPHONEOS_DEPLOYMENT_TARGET = 13.0;
				LD_RUNPATH_SEARCH_PATHS = (
					"$(inherited)",
					"@executable_path/Frameworks",
				);
				PRODUCT_BUNDLE_IDENTIFIER = "clara-jeon.Meraki";
				PRODUCT_NAME = "$(TARGET_NAME)";
				SWIFT_VERSION = 5.0;
				TARGETED_DEVICE_FAMILY = "1,2";
			};
			name = Release;
		};
/* End XCBuildConfiguration section */

/* Begin XCConfigurationList section */
		85137B7C25C1B15E002F8650 /* Build configuration list for PBXProject "Meraki" */ = {
			isa = XCConfigurationList;
			buildConfigurations = (
				85137B9325C1B15F002F8650 /* Debug */,
				85137B9425C1B15F002F8650 /* Release */,
			);
			defaultConfigurationIsVisible = 0;
			defaultConfigurationName = Release;
		};
		85137B9525C1B15F002F8650 /* Build configuration list for PBXNativeTarget "Meraki" */ = {
			isa = XCConfigurationList;
			buildConfigurations = (
				85137B9625C1B15F002F8650 /* Debug */,
				85137B9725C1B15F002F8650 /* Release */,
			);
			defaultConfigurationIsVisible = 0;
			defaultConfigurationName = Release;
		};
/* End XCConfigurationList section */
	};
	rootObject = 85137B7925C1B15E002F8650 /* Project object */;
}
